
Microsoft Visual Studio Solution File, Format Version 12.00
# Visual Studio Version 16
VisualStudioVersion = 16.0.32228.343
MinimumVisualStudioVersion = 10.0.40219.1
Project("{FAE04EC0-301F-11D3-BF4B-00C04F79EFBC}") = "ProjetoIntegradoMultidisciplinarV", "ProjetoIntegradoMultidisciplinarV\ProjetoIntegradoMultidisciplinarV.csproj", "{579F4CBA-0FAF-414C-B72F-F3DC4BC8E4CD}"
EndProject
Global
	GlobalSection(SolutionConfigurationPlatforms) = preSolution
		Debug|Any CPU = Debug|Any CPU
		Release|Any CPU = Release|Any CPU
	EndGlobalSection
	GlobalSection(ProjectConfigurationPlatforms) = postSolution
		{579F4CBA-0FAF-414C-B72F-F3DC4BC8E4CD}.Debug|Any CPU.ActiveCfg = Debug|Any CPU
		{579F4CBA-0FAF-414C-B72F-F3DC4BC8E4CD}.Debug|Any CPU.Build.0 = Debug|Any CPU
		{579F4CBA-0FAF-414C-B72F-F3DC4BC8E4CD}.Release|Any CPU.ActiveCfg = Release|Any CPU
		{579F4CBA-0FAF-414C-B72F-F3DC4BC8E4CD}.Release|Any CPU.Build.0 = Release|Any CPU
	EndGlobalSection
	GlobalSection(SolutionProperties) = preSolution
		HideSolutionNode = FALSE
	EndGlobalSection
	GlobalSection(ExtensibilityGlobals) = postSolution
		SolutionGuid = {53AE7571-A6FF-40B6-AEBA-710F3F73E535}
	EndGlobalSection
EndGlobal
